{
  "version": 4,
  "terraform_version": "1.5.7",
  "serial": 180,
  "lineage": "b1460fd2-be24-39fa-d056-7e5625f0475a",
  "outputs": {},
  "resources": [
    {
      "mode": "managed",
      "type": "fortimanager_exec_workspace_action",
      "name": "lockres",
      "provider": "provider[\"registry.terraform.io/fortinetdev/fortimanager\"]",
      "instances": [
        {
          "schema_version": 0,
          "attributes": {
            "action": "lockbegin",
            "adom": null,
            "comment": "",
            "force_recreate": "92622831-8361-14a8-f30b-d6eef0000e62",
            "id": "workspaceactionadom.rootlock",
            "param": "",
            "scopetype": "inherit",
            "target": ""
          },
          "sensitive_attributes": [],
          "private": "bnVsbA=="
        }
      ]
    }
  ],
  "check_results": null
}
