{
  "version": 4,
  "terraform_version": "1.5.7",
  "serial": 1618,
  "lineage": "11bc1d59-a8af-6a0b-912b-36b0d7ee8fee",
  "outputs": {},
  "resources": [
    {
      "mode": "managed",
      "type": "fortimanager_dvmdb_adom",
      "name": "createADOM",
      "provider": "provider[\"registry.terraform.io/fortinetdev/fortimanager\"]",
      "instances": [
        {
          "schema_version": 0,
          "attributes": {
            "create_time": 1696600911,
            "desc": "",
            "flags": [
              "no_vpn_console"
            ],
            "id": "GNS3",
            "log_db_retention_hours": 1440,
            "log_disk_quota": 0,
            "log_disk_quota_alert_thres": 90,
            "log_disk_quota_split_ratio": 70,
            "log_file_retention_hours": 8760,
            "metafields": "",
            "mig_mr": 0,
            "mig_os_ver": "0.0",
            "mode": "gms",
            "mr": 2,
            "name": "GNS3",
            "os_ver": "7.0",
            "restricted_prds": [
              "fos"
            ],
            "state": 1,
            "tz": 0,
            "uuid": "58e89718-69b5-51ee-ec8d-aa1f4cdb9b7e",
            "workspace_mode": 1
          },
          "sensitive_attributes": [],
          "private": "eyJzY2hlbWFfdmVyc2lvbiI6IjAifQ==",
          "dependencies": [
            "fortimanager_exec_workspace_action.lockROOT",
            "fortimanager_system_global.workspace"
          ]
        }
      ]
    },
    {
      "mode": "managed",
      "type": "fortimanager_exec_workspace_action",
      "name": "lockROOT",
      "provider": "provider[\"registry.terraform.io/fortinetdev/fortimanager\"]",
      "instances": [
        {
          "schema_version": 0,
          "attributes": {
            "action": "lockbegin",
            "adom": "root",
            "comment": "",
            "force_recreate": "e68e24e9-59b9-3782-35c9-e12fdf4f130a",
            "id": "workspaceactionadom.rootlock",
            "param": "",
            "scopetype": "adom",
            "target": ""
          },
          "sensitive_attributes": [],
          "private": "bnVsbA==",
          "dependencies": [
            "fortimanager_system_global.workspace"
          ]
        }
      ]
    },
    {
      "mode": "managed",
      "type": "fortimanager_system_global",
      "name": "workspace",
      "provider": "provider[\"registry.terraform.io/fortinetdev/fortimanager\"]",
      "instances": [
        {
          "schema_version": 0,
          "attributes": {
            "admin_lockout_duration": 10,
            "admin_lockout_method": "ip",
            "admin_lockout_threshold": 10,
            "adom_mode": "normal",
            "adom_rev_auto_delete": "by-revisions",
            "adom_rev_max_backup_revisions": 5,
            "adom_rev_max_days": 30,
            "adom_rev_max_revisions": 120,
            "adom_select": "enable",
            "adom_status": "enable",
            "clone_name_option": "default",
            "clt_cert_req": "disable",
            "console_output": "standard",
            "contentpack_fgt_install": "disable",
            "country_flag": "enable",
            "create_revision": "disable",
            "daylightsavetime": "enable",
            "detect_unregistered_log_device": "enable",
            "device_view_mode": "tree",
            "dh_params": "2048",
            "disable_module": [
              "none"
            ],
            "dynamic_sort_subtable": "false",
            "enc_algorithm": "high",
            "faz_status": "disable",
            "fgfm_ca_cert": "",
            "fgfm_cert_exclusive": "disable",
            "fgfm_local_cert": "",
            "fgfm_ssl_protocol": "tlsv1.2",
            "gui_curl_timeout": 30,
            "gui_polling_interval": 5,
            "ha_member_auto_grouping": "enable",
            "hostname": "fm01",
            "id": "SystemGlobal",
            "import_ignore_addr_cmt": "disable",
            "language": "english",
            "latitude": "",
            "ldap_cache_timeout": 86400,
            "ldapconntimeout": 60000,
            "lock_preempt": "disable",
            "log_checksum": "none",
            "log_checksum_upload": "disable",
            "log_forward_cache_size": 0,
            "longitude": "",
            "max_log_forward": 5,
            "max_running_reports": 1,
            "mc_policy_disabled_adoms": [],
            "multiple_steps_upgrade_in_autolink": "disable",
            "no_copy_permission_check": "enable",
            "normalized_intf_zone_only": "disable",
            "object_revision_db_max": 100000,
            "object_revision_mandatory_note": "disable",
            "object_revision_object_max": 100,
            "object_revision_status": "enable",
            "oftp_ssl_protocol": "tlsv1.2",
            "partial_install": "disable",
            "partial_install_force": "disable",
            "partial_install_rev": "disable",
            "per_policy_lock": "disable",
            "perform_improve_by_ha": "disable",
            "policy_object_icon": "disable",
            "policy_object_in_dual_pane": "disable",
            "pre_login_banner": "disable",
            "pre_login_banner_message": "",
            "private_data_encryption": "disable",
            "remoteauthtimeout": 10,
            "search_all_adoms": "disable",
            "ssl_cipher_suites": [],
            "ssl_low_encryption": "disable",
            "ssl_protocol": [
              "sslv3",
              "tlsv1.0",
              "tlsv1.1",
              "tlsv1.2",
              "tlsv1.3"
            ],
            "ssl_static_key_ciphers": "enable",
            "table_entry_blink": "enable",
            "task_list_size": 2000,
            "tftp": "disable",
            "timezone": "04",
            "tunnel_mtu": 1500,
            "usg": "disable",
            "vdom_mirror": "disable",
            "webservice_proto": [
              "tlsv1.2",
              "tlsv1.3"
            ],
            "workflow_max_sessions": 500,
            "workspace_mode": "normal",
            "workspace_unlock_after_install": "disable"
          },
          "sensitive_attributes": [],
          "private": "bnVsbA=="
        }
      ]
    }
  ],
  "check_results": null
}
