{
  "version": 4,
  "terraform_version": "1.2.5",
  "serial": 1577,
  "lineage": "11bc1d59-a8af-6a0b-912b-36b0d7ee8fee",
  "outputs": {},
  "resources": [
    {
      "mode": "managed",
      "type": "fortimanager_dvmdb_adom",
      "name": "createADOM",
      "provider": "provider[\"registry.terraform.io/fortinetdev/fortimanager\"]",
      "instances": [
        {
          "schema_version": 0,
          "attributes": {
            "create_time": 1696600911,
            "desc": "",
            "flags": [
              "no_vpn_console"
            ],
            "id": "GNS3",
            "log_db_retention_hours": 1440,
            "log_disk_quota": 0,
            "log_disk_quota_alert_thres": 90,
            "log_disk_quota_split_ratio": 70,
            "log_file_retention_hours": 8760,
            "metafields": "",
            "mig_mr": 0,
            "mig_os_ver": "0.0",
            "mode": "gms",
            "mr": 2,
            "name": "GNS3",
            "os_ver": "7.0",
            "restricted_prds": [
              "fos"
            ],
            "state": 1,
            "tz": 0,
            "uuid": "f07e8c40-69a1-51ee-42da-ed8acbd40806",
            "workspace_mode": 1
          },
          "sensitive_attributes": [],
          "private": "eyJzY2hlbWFfdmVyc2lvbiI6IjAifQ=="
        }
      ]
    }
  ]
}
