{
  "version": 4,
  "terraform_version": "1.5.7",
  "serial": 1112,
  "lineage": "11bc1d59-a8af-6a0b-912b-36b0d7ee8fee",
  "outputs": {},
  "resources": [
    {
      "mode": "managed",
      "type": "fortimanager_exec_workspace_action",
      "name": "lockGNS3",
      "provider": "provider[\"registry.terraform.io/fortinetdev/fortimanager\"]",
      "instances": [
        {
          "schema_version": 0,
          "attributes": {
            "action": "lockbegin",
            "adom": "GNS3",
            "comment": "",
            "force_recreate": "e7f8d40e-16e6-a18a-78e4-d9bdcd4e4fec",
            "id": "workspaceactionadom.GNS3lock",
            "param": "",
            "scopetype": "adom",
            "target": ""
          },
          "sensitive_attributes": [],
          "private": "bnVsbA==",
          "dependencies": [
            "fortimanager_system_global.workspace"
          ]
        }
      ]
    }
  ],
  "check_results": null
}
